
Microsoft Visual Studio Solution File, Format Version 12.00
# Visual Studio Version 16
VisualStudioVersion = 16.0.30907.101
MinimumVisualStudioVersion = 10.0.40219.1
Project("{FAE04EC0-301F-11D3-BF4B-00C04F79EFBC}") = "AMS.Mobile", "AMS.Mobile\AMS.Mobile\AMS.Mobile.csproj", "{D7F747D0-1897-405B-A123-F3A2F973F43B}"
EndProject
Project("{FAE04EC0-301F-11D3-BF4B-00C04F79EFBC}") = "AMS.Mobile.Android", "AMS.Mobile\AMS.Mobile.Android\AMS.Mobile.Android.csproj", "{5B06F5E0-C84C-452C-A5CD-1E3223EB5A69}"
EndProject
Project("{FAE04EC0-301F-11D3-BF4B-00C04F79EFBC}") = "AMS.Mobile.iOS", "AMS.Mobile\AMS.Mobile.iOS\AMS.Mobile.iOS.csproj", "{353F92E7-3813-443C-B65D-837610CCA921}"
EndProject
Global
	GlobalSection(SolutionConfigurationPlatforms) = preSolution
		Ad-Hoc|Any CPU = Ad-Hoc|Any CPU
		Ad-Hoc|iPhone = Ad-Hoc|iPhone
		Ad-Hoc|iPhoneSimulator = Ad-Hoc|iPhoneSimulator
		AppStore|Any CPU = AppStore|Any CPU
		AppStore|iPhone = AppStore|iPhone
		AppStore|iPhoneSimulator = AppStore|iPhoneSimulator
		Debug|Any CPU = Debug|Any CPU
		Debug|iPhone = Debug|iPhone
		Debug|iPhoneSimulator = Debug|iPhoneSimulator
		Release|Any CPU = Release|Any CPU
		Release|iPhone = Release|iPhone
		Release|iPhoneSimulator = Release|iPhoneSimulator
	EndGlobalSection
	GlobalSection(ProjectConfigurationPlatforms) = postSolution
		{D7F747D0-1897-405B-A123-F3A2F973F43B}.Ad-Hoc|Any CPU.ActiveCfg = Debug|Any CPU
		{D7F747D0-1897-405B-A123-F3A2F973F43B}.Ad-Hoc|Any CPU.Build.0 = Debug|Any CPU
		{D7F747D0-1897-405B-A123-F3A2F973F43B}.Ad-Hoc|iPhone.ActiveCfg = Debug|Any CPU
		{D7F747D0-1897-405B-A123-F3A2F973F43B}.Ad-Hoc|iPhone.Build.0 = Debug|Any CPU
		{D7F747D0-1897-405B-A123-F3A2F973F43B}.Ad-Hoc|iPhoneSimulator.ActiveCfg = Debug|Any CPU
		{D7F747D0-1897-405B-A123-F3A2F973F43B}.Ad-Hoc|iPhoneSimulator.Build.0 = Debug|Any CPU
		{D7F747D0-1897-405B-A123-F3A2F973F43B}.AppStore|Any CPU.ActiveCfg = Debug|Any CPU
		{D7F747D0-1897-405B-A123-F3A2F973F43B}.AppStore|Any CPU.Build.0 = Debug|Any CPU
		{D7F747D0-1897-405B-A123-F3A2F973F43B}.AppStore|iPhone.ActiveCfg = Debug|Any CPU
		{D7F747D0-1897-405B-A123-F3A2F973F43B}.AppStore|iPhone.Build.0 = Debug|Any CPU
		{D7F747D0-1897-405B-A123-F3A2F973F43B}.AppStore|iPhoneSimulator.ActiveCfg = Debug|Any CPU
		{D7F747D0-1897-405B-A123-F3A2F973F43B}.AppStore|iPhoneSimulator.Build.0 = Debug|Any CPU
		{D7F747D0-1897-405B-A123-F3A2F973F43B}.Debug|Any CPU.ActiveCfg = Debug|Any CPU
		{D7F747D0-1897-405B-A123-F3A2F973F43B}.Debug|Any CPU.Build.0 = Debug|Any CPU
		{D7F747D0-1897-405B-A123-F3A2F973F43B}.Debug|iPhone.ActiveCfg = Debug|Any CPU
		{D7F747D0-1897-405B-A123-F3A2F973F43B}.Debug|iPhone.Build.0 = Debug|Any CPU
		{D7F747D0-1897-405B-A123-F3A2F973F43B}.Debug|iPhoneSimulator.ActiveCfg = Debug|Any CPU
		{D7F747D0-1897-405B-A123-F3A2F973F43B}.Debug|iPhoneSimulator.Build.0 = Debug|Any CPU
		{D7F747D0-1897-405B-A123-F3A2F973F43B}.Release|Any CPU.ActiveCfg = Release|Any CPU
		{D7F747D0-1897-405B-A123-F3A2F973F43B}.Release|Any CPU.Build.0 = Release|Any CPU
		{D7F747D0-1897-405B-A123-F3A2F973F43B}.Release|iPhone.ActiveCfg = Release|Any CPU
		{D7F747D0-1897-405B-A123-F3A2F973F43B}.Release|iPhone.Build.0 = Release|Any CPU
		{D7F747D0-1897-405B-A123-F3A2F973F43B}.Release|iPhoneSimulator.ActiveCfg = Release|Any CPU
		{D7F747D0-1897-405B-A123-F3A2F973F43B}.Release|iPhoneSimulator.Build.0 = Release|Any CPU
		{5B06F5E0-C84C-452C-A5CD-1E3223EB5A69}.Ad-Hoc|Any CPU.ActiveCfg = Debug|Any CPU
		{5B06F5E0-C84C-452C-A5CD-1E3223EB5A69}.Ad-Hoc|Any CPU.Build.0 = Debug|Any CPU
		{5B06F5E0-C84C-452C-A5CD-1E3223EB5A69}.Ad-Hoc|Any CPU.Deploy.0 = Debug|Any CPU
		{5B06F5E0-C84C-452C-A5CD-1E3223EB5A69}.Ad-Hoc|iPhone.ActiveCfg = Debug|Any CPU
		{5B06F5E0-C84C-452C-A5CD-1E3223EB5A69}.Ad-Hoc|iPhone.Build.0 = Debug|Any CPU
		{5B06F5E0-C84C-452C-A5CD-1E3223EB5A69}.Ad-Hoc|iPhone.Deploy.0 = Debug|Any CPU
		{5B06F5E0-C84C-452C-A5CD-1E3223EB5A69}.Ad-Hoc|iPhoneSimulator.ActiveCfg = Debug|Any CPU
		{5B06F5E0-C84C-452C-A5CD-1E3223EB5A69}.Ad-Hoc|iPhoneSimulator.Build.0 = Debug|Any CPU
		{5B06F5E0-C84C-452C-A5CD-1E3223EB5A69}.Ad-Hoc|iPhoneSimulator.Deploy.0 = Debug|Any CPU
		{5B06F5E0-C84C-452C-A5CD-1E3223EB5A69}.AppStore|Any CPU.ActiveCfg = Debug|Any CPU
		{5B06F5E0-C84C-452C-A5CD-1E3223EB5A69}.AppStore|Any CPU.Build.0 = Debug|Any CPU
		{5B06F5E0-C84C-452C-A5CD-1E3223EB5A69}.AppStore|Any CPU.Deploy.0 = Debug|Any CPU
		{5B06F5E0-C84C-452C-A5CD-1E3223EB5A69}.AppStore|iPhone.ActiveCfg = Debug|Any CPU
		{5B06F5E0-C84C-452C-A5CD-1E3223EB5A69}.AppStore|iPhone.Build.0 = Debug|Any CPU
		{5B06F5E0-C84C-452C-A5CD-1E3223EB5A69}.AppStore|iPhone.Deploy.0 = Debug|Any CPU
		{5B06F5E0-C84C-452C-A5CD-1E3223EB5A69}.AppStore|iPhoneSimulator.ActiveCfg = Debug|Any CPU
		{5B06F5E0-C84C-452C-A5CD-1E3223EB5A69}.AppStore|iPhoneSimulator.Build.0 = Debug|Any CPU
		{5B06F5E0-C84C-452C-A5CD-1E3223EB5A69}.AppStore|iPhoneSimulator.Deploy.0 = Debug|Any CPU
		{5B06F5E0-C84C-452C-A5CD-1E3223EB5A69}.Debug|Any CPU.ActiveCfg = Debug|Any CPU
		{5B06F5E0-C84C-452C-A5CD-1E3223EB5A69}.Debug|Any CPU.Build.0 = Debug|Any CPU
		{5B06F5E0-C84C-452C-A5CD-1E3223EB5A69}.Debug|Any CPU.Deploy.0 = Debug|Any CPU
		{5B06F5E0-C84C-452C-A5CD-1E3223EB5A69}.Debug|iPhone.ActiveCfg = Debug|Any CPU
		{5B06F5E0-C84C-452C-A5CD-1E3223EB5A69}.Debug|iPhone.Build.0 = Debug|Any CPU
		{5B06F5E0-C84C-452C-A5CD-1E3223EB5A69}.Debug|iPhone.Deploy.0 = Debug|Any CPU
		{5B06F5E0-C84C-452C-A5CD-1E3223EB5A69}.Debug|iPhoneSimulator.ActiveCfg = Debug|Any CPU
		{5B06F5E0-C84C-452C-A5CD-1E3223EB5A69}.Debug|iPhoneSimulator.Build.0 = Debug|Any CPU
		{5B06F5E0-C84C-452C-A5CD-1E3223EB5A69}.Debug|iPhoneSimulator.Deploy.0 = Debug|Any CPU
		{5B06F5E0-C84C-452C-A5CD-1E3223EB5A69}.Release|Any CPU.ActiveCfg = Release|Any CPU
		{5B06F5E0-C84C-452C-A5CD-1E3223EB5A69}.Release|Any CPU.Build.0 = Release|Any CPU
		{5B06F5E0-C84C-452C-A5CD-1E3223EB5A69}.Release|Any CPU.Deploy.0 = Release|Any CPU
		{5B06F5E0-C84C-452C-A5CD-1E3223EB5A69}.Release|iPhone.ActiveCfg = Release|Any CPU
		{5B06F5E0-C84C-452C-A5CD-1E3223EB5A69}.Release|iPhone.Build.0 = Release|Any CPU
		{5B06F5E0-C84C-452C-A5CD-1E3223EB5A69}.Release|iPhone.Deploy.0 = Release|Any CPU
		{5B06F5E0-C84C-452C-A5CD-1E3223EB5A69}.Release|iPhoneSimulator.ActiveCfg = Release|Any CPU
		{5B06F5E0-C84C-452C-A5CD-1E3223EB5A69}.Release|iPhoneSimulator.Build.0 = Release|Any CPU
		{5B06F5E0-C84C-452C-A5CD-1E3223EB5A69}.Release|iPhoneSimulator.Deploy.0 = Release|Any CPU
		{353F92E7-3813-443C-B65D-837610CCA921}.Ad-Hoc|Any CPU.ActiveCfg = Ad-Hoc|iPhoneSimulator
		{353F92E7-3813-443C-B65D-837610CCA921}.Ad-Hoc|iPhone.ActiveCfg = Ad-Hoc|iPhone
		{353F92E7-3813-443C-B65D-837610CCA921}.Ad-Hoc|iPhone.Build.0 = Ad-Hoc|iPhone
		{353F92E7-3813-443C-B65D-837610CCA921}.Ad-Hoc|iPhoneSimulator.ActiveCfg = Ad-Hoc|iPhoneSimulator
		{353F92E7-3813-443C-B65D-837610CCA921}.Ad-Hoc|iPhoneSimulator.Build.0 = Ad-Hoc|iPhoneSimulator
		{353F92E7-3813-443C-B65D-837610CCA921}.AppStore|Any CPU.ActiveCfg = AppStore|iPhoneSimulator
		{353F92E7-3813-443C-B65D-837610CCA921}.AppStore|iPhone.ActiveCfg = AppStore|iPhone
		{353F92E7-3813-443C-B65D-837610CCA921}.AppStore|iPhone.Build.0 = AppStore|iPhone
		{353F92E7-3813-443C-B65D-837610CCA921}.AppStore|iPhoneSimulator.ActiveCfg = AppStore|iPhoneSimulator
		{353F92E7-3813-443C-B65D-837610CCA921}.AppStore|iPhoneSimulator.Build.0 = AppStore|iPhoneSimulator
		{353F92E7-3813-443C-B65D-837610CCA921}.Debug|Any CPU.ActiveCfg = Debug|iPhoneSimulator
		{353F92E7-3813-443C-B65D-837610CCA921}.Debug|iPhone.ActiveCfg = Debug|iPhone
		{353F92E7-3813-443C-B65D-837610CCA921}.Debug|iPhone.Build.0 = Debug|iPhone
		{353F92E7-3813-443C-B65D-837610CCA921}.Debug|iPhoneSimulator.ActiveCfg = Debug|iPhoneSimulator
		{353F92E7-3813-443C-B65D-837610CCA921}.Debug|iPhoneSimulator.Build.0 = Debug|iPhoneSimulator
		{353F92E7-3813-443C-B65D-837610CCA921}.Release|Any CPU.ActiveCfg = Release|iPhoneSimulator
		{353F92E7-3813-443C-B65D-837610CCA921}.Release|iPhone.ActiveCfg = Release|iPhone
		{353F92E7-3813-443C-B65D-837610CCA921}.Release|iPhone.Build.0 = Release|iPhone
		{353F92E7-3813-443C-B65D-837610CCA921}.Release|iPhoneSimulator.ActiveCfg = Release|iPhoneSimulator
		{353F92E7-3813-443C-B65D-837610CCA921}.Release|iPhoneSimulator.Build.0 = Release|iPhoneSimulator
	EndGlobalSection
	GlobalSection(SolutionProperties) = preSolution
		HideSolutionNode = FALSE
	EndGlobalSection
	GlobalSection(ExtensibilityGlobals) = postSolution
		SolutionGuid = {68B571B1-1DC9-49FC-88FB-A82435F14D42}
	EndGlobalSection
EndGlobal
